
Microsoft Visual Studio Solution File, Format Version 12.00
# Visual Studio Version 16
VisualStudioVersion = 16.0.29230.47
MinimumVisualStudioVersion = 10.0.40219.1
Project("{FAE04EC0-301F-11D3-BF4B-00C04F79EFBC}") = "Urfu_cow.Android", "Urfu_cow.Android\Urfu_cow.Android.csproj", "{E6DA5D10-0AF6-42AA-910D-C31DC160003E}"
EndProject
Project("{FAE04EC0-301F-11D3-BF4B-00C04F79EFBC}") = "Urfu_cow.iOS", "Urfu_cow.iOS\Urfu_cow.iOS.csproj", "{7AED7A9F-CFBE-4315-8F2C-17950B22A71F}"
EndProject
Project("{FAE04EC0-301F-11D3-BF4B-00C04F79EFBC}") = "Urfu_cow", "Urfu_cow\Urfu_cow.csproj", "{D6BE4CC4-C7D8-4B7E-9E29-DE93A6C35C10}"
EndProject
Global
	GlobalSection(SolutionConfigurationPlatforms) = preSolution
		Debug|Any CPU = Debug|Any CPU
		Debug|iPhone = Debug|iPhone
		Debug|iPhoneSimulator = Debug|iPhoneSimulator
		Release|Any CPU = Release|Any CPU
		Release|iPhone = Release|iPhone
		Release|iPhoneSimulator = Release|iPhoneSimulator
	EndGlobalSection
	GlobalSection(ProjectConfigurationPlatforms) = postSolution
		{E6DA5D10-0AF6-42AA-910D-C31DC160003E}.Debug|Any CPU.ActiveCfg = Debug|Any CPU
		{E6DA5D10-0AF6-42AA-910D-C31DC160003E}.Debug|Any CPU.Build.0 = Debug|Any CPU
		{E6DA5D10-0AF6-42AA-910D-C31DC160003E}.Debug|Any CPU.Deploy.0 = Debug|Any CPU
		{E6DA5D10-0AF6-42AA-910D-C31DC160003E}.Debug|iPhone.ActiveCfg = Debug|Any CPU
		{E6DA5D10-0AF6-42AA-910D-C31DC160003E}.Debug|iPhone.Build.0 = Debug|Any CPU
		{E6DA5D10-0AF6-42AA-910D-C31DC160003E}.Debug|iPhone.Deploy.0 = Debug|Any CPU
		{E6DA5D10-0AF6-42AA-910D-C31DC160003E}.Debug|iPhoneSimulator.ActiveCfg = Debug|Any CPU
		{E6DA5D10-0AF6-42AA-910D-C31DC160003E}.Debug|iPhoneSimulator.Build.0 = Debug|Any CPU
		{E6DA5D10-0AF6-42AA-910D-C31DC160003E}.Debug|iPhoneSimulator.Deploy.0 = Debug|Any CPU
		{E6DA5D10-0AF6-42AA-910D-C31DC160003E}.Release|Any CPU.ActiveCfg = Release|Any CPU
		{E6DA5D10-0AF6-42AA-910D-C31DC160003E}.Release|Any CPU.Build.0 = Release|Any CPU
		{E6DA5D10-0AF6-42AA-910D-C31DC160003E}.Release|Any CPU.Deploy.0 = Release|Any CPU
		{E6DA5D10-0AF6-42AA-910D-C31DC160003E}.Release|iPhone.ActiveCfg = Release|Any CPU
		{E6DA5D10-0AF6-42AA-910D-C31DC160003E}.Release|iPhone.Build.0 = Release|Any CPU
		{E6DA5D10-0AF6-42AA-910D-C31DC160003E}.Release|iPhone.Deploy.0 = Release|Any CPU
		{E6DA5D10-0AF6-42AA-910D-C31DC160003E}.Release|iPhoneSimulator.ActiveCfg = Release|Any CPU
		{E6DA5D10-0AF6-42AA-910D-C31DC160003E}.Release|iPhoneSimulator.Build.0 = Release|Any CPU
		{E6DA5D10-0AF6-42AA-910D-C31DC160003E}.Release|iPhoneSimulator.Deploy.0 = Release|Any CPU
		{7AED7A9F-CFBE-4315-8F2C-17950B22A71F}.Debug|Any CPU.ActiveCfg = Debug|iPhoneSimulator
		{7AED7A9F-CFBE-4315-8F2C-17950B22A71F}.Debug|Any CPU.Build.0 = Debug|iPhoneSimulator
		{7AED7A9F-CFBE-4315-8F2C-17950B22A71F}.Debug|Any CPU.Deploy.0 = Debug|iPhoneSimulator
		{7AED7A9F-CFBE-4315-8F2C-17950B22A71F}.Debug|iPhone.ActiveCfg = Debug|iPhone
		{7AED7A9F-CFBE-4315-8F2C-17950B22A71F}.Debug|iPhone.Build.0 = Debug|iPhone
		{7AED7A9F-CFBE-4315-8F2C-17950B22A71F}.Debug|iPhone.Deploy.0 = Debug|iPhone
		{7AED7A9F-CFBE-4315-8F2C-17950B22A71F}.Debug|iPhoneSimulator.ActiveCfg = Debug|iPhoneSimulator
		{7AED7A9F-CFBE-4315-8F2C-17950B22A71F}.Debug|iPhoneSimulator.Build.0 = Debug|iPhoneSimulator
		{7AED7A9F-CFBE-4315-8F2C-17950B22A71F}.Debug|iPhoneSimulator.Deploy.0 = Debug|iPhoneSimulator
		{7AED7A9F-CFBE-4315-8F2C-17950B22A71F}.Release|Any CPU.ActiveCfg = Release|iPhone
		{7AED7A9F-CFBE-4315-8F2C-17950B22A71F}.Release|Any CPU.Build.0 = Release|iPhone
		{7AED7A9F-CFBE-4315-8F2C-17950B22A71F}.Release|Any CPU.Deploy.0 = Release|iPhone
		{7AED7A9F-CFBE-4315-8F2C-17950B22A71F}.Release|iPhone.ActiveCfg = Release|iPhone
		{7AED7A9F-CFBE-4315-8F2C-17950B22A71F}.Release|iPhone.Build.0 = Release|iPhone
		{7AED7A9F-CFBE-4315-8F2C-17950B22A71F}.Release|iPhone.Deploy.0 = Release|iPhone
		{7AED7A9F-CFBE-4315-8F2C-17950B22A71F}.Release|iPhoneSimulator.ActiveCfg = Release|iPhoneSimulator
		{7AED7A9F-CFBE-4315-8F2C-17950B22A71F}.Release|iPhoneSimulator.Build.0 = Release|iPhoneSimulator
		{7AED7A9F-CFBE-4315-8F2C-17950B22A71F}.Release|iPhoneSimulator.Deploy.0 = Release|iPhoneSimulator
		{D6BE4CC4-C7D8-4B7E-9E29-DE93A6C35C10}.Debug|Any CPU.ActiveCfg = Debug|Any CPU
		{D6BE4CC4-C7D8-4B7E-9E29-DE93A6C35C10}.Debug|Any CPU.Build.0 = Debug|Any CPU
		{D6BE4CC4-C7D8-4B7E-9E29-DE93A6C35C10}.Debug|Any CPU.Deploy.0 = Debug|Any CPU
		{D6BE4CC4-C7D8-4B7E-9E29-DE93A6C35C10}.Debug|iPhone.ActiveCfg = Debug|Any CPU
		{D6BE4CC4-C7D8-4B7E-9E29-DE93A6C35C10}.Debug|iPhone.Build.0 = Debug|Any CPU
		{D6BE4CC4-C7D8-4B7E-9E29-DE93A6C35C10}.Debug|iPhone.Deploy.0 = Debug|Any CPU
		{D6BE4CC4-C7D8-4B7E-9E29-DE93A6C35C10}.Debug|iPhoneSimulator.ActiveCfg = Debug|Any CPU
		{D6BE4CC4-C7D8-4B7E-9E29-DE93A6C35C10}.Debug|iPhoneSimulator.Build.0 = Debug|Any CPU
		{D6BE4CC4-C7D8-4B7E-9E29-DE93A6C35C10}.Debug|iPhoneSimulator.Deploy.0 = Debug|Any CPU
		{D6BE4CC4-C7D8-4B7E-9E29-DE93A6C35C10}.Release|Any CPU.ActiveCfg = Release|Any CPU
		{D6BE4CC4-C7D8-4B7E-9E29-DE93A6C35C10}.Release|Any CPU.Build.0 = Release|Any CPU
		{D6BE4CC4-C7D8-4B7E-9E29-DE93A6C35C10}.Release|Any CPU.Deploy.0 = Release|Any CPU
		{D6BE4CC4-C7D8-4B7E-9E29-DE93A6C35C10}.Release|iPhone.ActiveCfg = Release|Any CPU
		{D6BE4CC4-C7D8-4B7E-9E29-DE93A6C35C10}.Release|iPhone.Build.0 = Release|Any CPU
		{D6BE4CC4-C7D8-4B7E-9E29-DE93A6C35C10}.Release|iPhone.Deploy.0 = Release|Any CPU
		{D6BE4CC4-C7D8-4B7E-9E29-DE93A6C35C10}.Release|iPhoneSimulator.ActiveCfg = Release|Any CPU
		{D6BE4CC4-C7D8-4B7E-9E29-DE93A6C35C10}.Release|iPhoneSimulator.Build.0 = Release|Any CPU
		{D6BE4CC4-C7D8-4B7E-9E29-DE93A6C35C10}.Release|iPhoneSimulator.Deploy.0 = Release|Any CPU
	EndGlobalSection
	GlobalSection(SolutionProperties) = preSolution
		HideSolutionNode = FALSE
	EndGlobalSection
	GlobalSection(ExtensibilityGlobals) = postSolution
		SolutionGuid = {FDE971AA-06EC-4061-84A1-6BCCBBC6619A}
	EndGlobalSection
EndGlobal
